{
  "lockfileVersion": 1,
  "configVersion": 1,
  "workspaces": {
    "": {
      "name": "tokenclinic",
      "dependencies": {
        "@anthropic-ai/sdk": "^0.106.0",
        "@ast-grep/napi": "^0.44.0",
        "@ast-grep/napi-darwin-arm64": "^0.44.0",
        "@basisoasis/llm-intel": "^1.0.33",
        "typescript": "^5.6.0",
      },
      "devDependencies": {
        "@types/node": "^22.0.0",
      },
    },
  },
  "packages": {
    "@anthropic-ai/sdk": ["@anthropic-ai/sdk@0.106.0", "", { "dependencies": { "json-schema-to-ts": "^3.1.1", "standardwebhooks": "^1.0.0" }, "peerDependencies": { "zod": "^3.25.0 || ^4.0.0" }, "optionalPeers": ["zod"], "bin": { "anthropic-ai-sdk": "bin/cli" } }, "sha512-ufwVvYNDBj2dzOGupBCTaNzBLxqcTnGOzI4z8Wouxlt+mT3J3HuOmatgCy1VmwCHOUueqZ41ERhm0O99OUcbWA=="],

    "@ast-grep/napi": ["@ast-grep/napi@0.44.0", "", { "optionalDependencies": { "@ast-grep/napi-darwin-arm64": "0.44.0", "@ast-grep/napi-darwin-x64": "0.44.0", "@ast-grep/napi-linux-arm64-gnu": "0.44.0", "@ast-grep/napi-linux-arm64-musl": "0.44.0", "@ast-grep/napi-linux-x64-gnu": "0.44.0", "@ast-grep/napi-linux-x64-musl": "0.44.0", "@ast-grep/napi-win32-arm64-msvc": "0.44.0", "@ast-grep/napi-win32-ia32-msvc": "0.44.0", "@ast-grep/napi-win32-x64-msvc": "0.44.0" } }, "sha512-ElgKzFxOXhYEk9F/TXo/Ld5hR1fs08UiEaP1IB6PfVpGx4KPNN9ewxX+plMjfEY6avEzRE1Zy/gpFo8TijJPCg=="],

    "@ast-grep/napi-darwin-arm64": ["@ast-grep/napi-darwin-arm64@0.44.0", "", { "os": "darwin", "cpu": "arm64" }, "sha512-UKYCGkFaE/wLSXJVC4zKxpfrcEEu/Ok3ziPstIYO/nCIscBJ8cch4bStiVXucRBeZA/kqfGLjt0/iet4QYSbKw=="],

    "@ast-grep/napi-darwin-x64": ["@ast-grep/napi-darwin-x64@0.44.0", "", { "os": "darwin", "cpu": "x64" }, "sha512-CTKYKCDdMgOMiEqO9JPdAuJtGE6yPo8/l2pMKJFzbMlw+JmWlqFqmzLkSZBK0V8Kelcs5TSzr35biHBAgbxr+w=="],

    "@ast-grep/napi-linux-arm64-gnu": ["@ast-grep/napi-linux-arm64-gnu@0.44.0", "", { "os": "linux", "cpu": "arm64" }, "sha512-7zEyLhWZ4WfiUO9n6BYNoq6GizJmOTP1KlSrqUjp1lkGGQW5tGobxuz/rgFXP4e4omH36pc7MKucqj0cARpz3g=="],

    "@ast-grep/napi-linux-arm64-musl": ["@ast-grep/napi-linux-arm64-musl@0.44.0", "", { "os": "linux", "cpu": "arm64" }, "sha512-ZOShb173UgUuTFXB6V73RqPq1wsqCmDulTW/W0889xY34koW3y13e8SmJbUK1GTmjXcjIr4whiCGgDYigByAeA=="],

    "@ast-grep/napi-linux-x64-gnu": ["@ast-grep/napi-linux-x64-gnu@0.44.0", "", { "os": "linux", "cpu": "x64" }, "sha512-eFto0eQY1sVKW7iLE/FTiYvl+rJ2IDoO3VZp7M+oO78Qs2F7OPqCdeo2ucf7TpcyHqbp0CHX8OGDrfngTwt/ew=="],

    "@ast-grep/napi-linux-x64-musl": ["@ast-grep/napi-linux-x64-musl@0.44.0", "", { "os": "linux", "cpu": "x64" }, "sha512-HOODyzZM+sRLgra94v8O3l/4Eg3xEhdZ0XAKCoIPhd+DQKkI3EPlD3PgzYiN+8ExQHhtK/xmJhg7zbXr+d9lrg=="],

    "@ast-grep/napi-win32-arm64-msvc": ["@ast-grep/napi-win32-arm64-msvc@0.44.0", "", { "os": "win32", "cpu": "arm64" }, "sha512-waCOc7sRdoDwVweUZXNQOTnHPawIwbj6Micde62Oqe8T3M1VgROWXaLkouUEkTN3crkpYrTY2+oHBkW2XFrFow=="],

    "@ast-grep/napi-win32-ia32-msvc": ["@ast-grep/napi-win32-ia32-msvc@0.44.0", "", { "os": "win32", "cpu": "ia32" }, "sha512-Pl+Ne78j8RIax/mb9kK10MHC3L9e8YMH4ZC+vRd+oThVZBKGrI2/mo7qVYu8PnB4R2eU8f22WLDNr7nm6gO9Kw=="],

    "@ast-grep/napi-win32-x64-msvc": ["@ast-grep/napi-win32-x64-msvc@0.44.0", "", { "os": "win32", "cpu": "x64" }, "sha512-LZE6lOtB+o3a351lpxxQz1mFp0AplYcZwVW+kMfLe4Lca6sZwy1ewt0pHZUTDH+WZYOizIO6elzWR0evDtTHwg=="],

    "@babel/runtime": ["@babel/runtime@7.29.7", "", {}, "sha512-Nq8OhGWiZIZGV6hLHoyAKLLcJihP/xFeBMGJoUrxTX2psI8dCifzLhZISFb+VWS3wFMRDmCGw5R+dOySCqPLhw=="],

    "@basisoasis/llm-intel": ["@basisoasis/llm-intel@1.0.33", "", { "dependencies": { "bignumber.js": "^11.1.0", "valibot": "^1.2.0" }, "peerDependencies": { "typescript": "^5" }, "optionalPeers": ["typescript"] }, "sha512-ergKWO2wBukDM36vejfPmOPWfRJToTADCSjkDp13uwP2c2cC0E/f2JJrpN+Y48QiEcWW5DfKyYzKhAkTvsKdUA=="],

    "@stablelib/base64": ["@stablelib/base64@1.0.1", "", {}, "sha512-1bnPQqSxSuc3Ii6MhBysoWCg58j97aUjuCSZrGSmDxNqtytIi0k8utUenAwTZN4V5mXXYGsVUI9zeBqy+jBOSQ=="],

    "@types/node": ["@types/node@22.20.0", "", { "dependencies": { "undici-types": "~6.21.0" } }, "sha512-QWlFW2wf3nTjC13/DqRnBpR4ZO36VJH/JVBkA/vcnmbTBNQIlnObqyqZE1tUR7+Ni23Lda8R1BxMfbXRpCUx5g=="],

    "bignumber.js": ["bignumber.js@11.1.4", "", {}, "sha512-AJ9dSeaUGj2xu7tEwmdqb51dqdb633xo4njI9K8ZFfcLrNr0XN8/EPkkZUNaF9fkCblGt2zVwZymesUdGynEkQ=="],

    "fast-sha256": ["fast-sha256@1.3.0", "", {}, "sha512-n11RGP/lrWEFI/bWdygLxhI+pVeo1ZYIVwvvPkW7azl/rOy+F3HYRZ2K5zeE9mmkhQppyv9sQFx0JM9UabnpPQ=="],

    "json-schema-to-ts": ["json-schema-to-ts@3.1.1", "", { "dependencies": { "@babel/runtime": "^7.18.3", "ts-algebra": "^2.0.0" } }, "sha512-+DWg8jCJG2TEnpy7kOm/7/AxaYoaRbjVB4LFZLySZlWn8exGs3A4OLJR966cVvU26N7X9TWxl+Jsw7dzAqKT6g=="],

    "standardwebhooks": ["standardwebhooks@1.0.0", "", { "dependencies": { "@stablelib/base64": "^1.0.0", "fast-sha256": "^1.3.0" } }, "sha512-BbHGOQK9olHPMvQNHWul6MYlrRTAOKn03rOe4A8O3CLWhNf4YHBqq2HJKKC+sfqpxiBY52pNeesD6jIiLDz8jg=="],

    "ts-algebra": ["ts-algebra@2.0.0", "", {}, "sha512-FPAhNPFMrkwz76P7cdjdmiShwMynZYN6SgOujD1urY4oNm80Ou9oMdmbR45LotcKOXoy7wSmHkRFE6Mxbrhefw=="],

    "typescript": ["typescript@5.9.3", "", { "bin": { "tsc": "bin/tsc", "tsserver": "bin/tsserver" } }, "sha512-jl1vZzPDinLr9eUt3J/t7V6FgNEw9QjvBPdysz9KfQDD41fQrC2Y4vKQdiaUpFT4bXlb1RHhLpp8wtm6M5TgSw=="],

    "undici-types": ["undici-types@6.21.0", "", {}, "sha512-iwDZqg0QAGrg9Rav5H4n0M64c3mkR59cJ6wQp+7C4nI0gsmExaedaYLNO44eT4AtBBwjbTiGPMlt2Md0T9H9JQ=="],

    "valibot": ["valibot@1.4.1", "", { "peerDependencies": { "typescript": ">=5" }, "optionalPeers": ["typescript"] }, "sha512-klCmFTz2jeDluy9RwX+F884TCiogtdBJ/YaxSx1EOBYXa3NXNWj8kR1jjN8rzluwojJVWWaHJ4r1U5LfICnM3g=="],
  }
}
